{
  "name": "atom-menu-bar",
  "version": "0.1.1",
  "lockfileVersion": 1,
  "requires": true,
  "dependencies": {
    "coffeescript": {
      "version": "1.12.7",
      "resolved": "https://registry.npmjs.org/coffeescript/-/coffeescript-1.12.7.tgz",
      "integrity": "sha512-pLXHFxQMPklVoEekowk8b3erNynC+DVJzChxS/LCBBgR6/8AJkHivkm//zbowcfc7BTCAjryuhx6gPqPRfsFoA=="
    },
    "cson": {
      "version": "7.18.0",
      "resolved": "https://registry.npmjs.org/cson/-/cson-7.18.0.tgz",
      "integrity": "sha512-pnkt+7CXKqn35oEKxM2GgSObk9XjLwek5YHtRXHc5AZgZxtRNZ5REcaWr0FAKHxIEYFQ8rOcYvHOq0s2brfD0g==",
      "requires": {
        "cson-parser": "^4.0.5",
        "extract-opts": "^4.3.0",
        "requirefresh": "^4.10.0",
        "safefs": "^6.10.0"
      }
    },
    "cson-parser": {
      "version": "4.0.5",
      "resolved": "https://registry.npmjs.org/cson-parser/-/cson-parser-4.0.5.tgz",
      "integrity": "sha512-XgloWiJcHy3TeuonPJseMfZOuwDpfczIQ12xw+DS2D8TCFxbj61gVlu8Cfs6lOwucQlrJFCvBTiovBqYMwPfQw==",
      "requires": {
        "coffeescript": "^1.10.0"
      }
    },
    "eachr": {
      "version": "4.5.0",
      "resolved": "https://registry.npmjs.org/eachr/-/eachr-4.5.0.tgz",
      "integrity": "sha512-9I664RWp6p8jvcHZIwo7bWaiSaUmA1wNSLKwNZEiaYjqiTARq3cGjyRiIunsopZv4QMmX3T5Hs17QoPAzdYxfg==",
      "requires": {
        "typechecker": "^6.2.0"
      }
    },
    "extract-opts": {
      "version": "4.3.0",
      "resolved": "https://registry.npmjs.org/extract-opts/-/extract-opts-4.3.0.tgz",
      "integrity": "sha512-Dmssi1tgKJkQsVmbP7TgW/kbdc42SAsNf6h9ClweP+dS7O24YYMTXsNwPelxhx0LF15npiWwY5ahKtyQiNgxWA==",
      "requires": {
        "eachr": "^4.5.0",
        "typechecker": "^6.2.0"
      }
    },
    "graceful-fs": {
      "version": "4.2.4",
      "resolved": "https://registry.npmjs.org/graceful-fs/-/graceful-fs-4.2.4.tgz",
      "integrity": "sha512-WjKPNJF79dtJAVniUlGGWHYGz2jWxT6VhN/4m1NdkbZ2nOsEF+cI1Edgql5zCRhs/VsQYRvrXctxktVXZUkixw=="
    },
    "jquery": {
      "version": "3.5.1",
      "resolved": "https://registry.npmjs.org/jquery/-/jquery-3.5.1.tgz",
      "integrity": "sha512-XwIBPqcMn57FxfT+Go5pzySnm4KWkT1Tv7gjrpT1srtf8Weynl6R273VJ5GjkRb51IzMp5nbaPjJXMWeju2MKg=="
    },
    "lodash": {
      "version": "4.17.19",
      "resolved": "https://registry.npmjs.org/lodash/-/lodash-4.17.19.tgz",
      "integrity": "sha512-JNvd8XER9GQX0v2qJgsaN/mzFCNA5BRe/j8JN9d+tWyGLSodKQHKFicdwNYzWwI3wjRnaKPsGj1XkBjx/F96DQ=="
    },
    "requirefresh": {
      "version": "4.11.0",
      "resolved": "https://registry.npmjs.org/requirefresh/-/requirefresh-4.11.0.tgz",
      "integrity": "sha512-prYrJgZTZ3tXI9mhnomHV2YPZ3YJMXAn+Rofdf1tI/CVLOwAAxWN5tKtXYZ4wQXdzxx1pzxjGBdFYCPq6wN5fQ=="
    },
    "safefs": {
      "version": "6.11.0",
      "resolved": "https://registry.npmjs.org/safefs/-/safefs-6.11.0.tgz",
      "integrity": "sha512-ACQvJfBKGkKe2lzqbtwwb9LimB99iiOXT6fBRJB65WK41EfIhv/pe7Eop1fhfkfGgKgPZ9bzqlck7yx7zPaung==",
      "requires": {
        "graceful-fs": "^4.2.4"
      }
    },
    "typechecker": {
      "version": "6.4.0",
      "resolved": "https://registry.npmjs.org/typechecker/-/typechecker-6.4.0.tgz",
      "integrity": "sha512-EbOu+9szY13mhl0EsvLXnR+pTCa3gTHQQPLdce72ujcC9fRHXlVFBNXtHeRhgzLxLlKUh4zA9C0tezLDgshf+A=="
    }
  }
}
